{"version":4,"terraform_version":"1.9.0","serial":22,"lineage":"4e0e6eb3-4002-f155-c80e-a4f00fe375b1","outputs":{"instance_ip":{"value":["129.159.142.131"],"type":["tuple",["string"]]}},"resources":[{"mode":"data","type":"oci_identity_availability_domains","name":"ads","provider":"provider[\"registry.opentofu.org/oracle/oci\"]","instances":[{"schema_version":0,"attributes":{"availability_domains":[{"compartment_id":"ocid1.tenancy.oc1..aaaaaaaa66wkuhn3lioj44arbaokoeukfjlnt2njqghj52faoaganmsfl35a","id":"ocid1.availabilitydomain.oc1..aaaaaaaao3gn45uuqoy3k2gkjqoch6rujfn5sxauafh5vl3tqrpf4yy2jdxq","name":"arBk:IL-JERUSALEM-1-AD-1"}],"compartment_id":"ocid1.tenancy.oc1..aaaaaaaa66wkuhn3lioj44arbaokoeukfjlnt2njqghj52faoaganmsfl35a","filter":null,"id":"IdentityAvailabilityDomainsDataSource-2915192691"},"sensitive_attributes":[]}]},{"mode":"managed","type":"oci_core_network_security_group","name":"nsg-1","provider":"provider[\"registry.opentofu.org/oracle/oci\"]","instances":[{"schema_version":0,"attributes":{"compartment_id":"ocid1.tenancy.oc1..aaaaaaaa66wkuhn3lioj44arbaokoeukfjlnt2njqghj52faoaganmsfl35a","defined_tags":{"Oracle-Tags.CreatedBy":"default/urizaf@gmail.com","Oracle-Tags.CreatedOn":"2025-02-15T17:21:31.424Z"},"display_name":"nsg-1","freeform_tags":{},"id":"ocid1.networksecuritygroup.oc1.il-jerusalem-1.aaaaaaaaf6osjah3vrtlnzppdnca6c7xfwqzi22u33q5o2uihmgjp5l6p4iq","state":"AVAILABLE","time_created":"2025-02-15 17:21:31.533 +0000 UTC","timeouts":null,"vcn_id":"ocid1.vcn.oc1.il-jerusalem-1.amaaaaaaua6wiyiafqk7ghe5oxo44odnb5a4xjts2cok26eqagm4dtyg3a5a"},"sensitive_attributes":[],"private":"eyJlMmJmYjczMC1lY2FhLTExZTYtOGY4OC0zNDM2M2JjN2M0YzAiOnsiY3JlYXRlIjoxMjAwMDAwMDAwMDAwLCJkZWxldGUiOjEyMDAwMDAwMDAwMDAsInVwZGF0ZSI6MTIwMDAwMDAwMDAwMH0sInNjaGVtYV92ZXJzaW9uIjoiMCJ9","dependencies":["module.oci_vcn.oci_core_vcn.vcn"]}]},{"mode":"managed","type":"oci_core_network_security_group_security_rule","name":"egress_rule_all","provider":"provider[\"registry.opentofu.org/oracle/oci\"]","instances":[{"schema_version":0,"attributes":{"description":null,"destination":"0.0.0.0/0","destination_type":"CIDR_BLOCK","direction":"EGRESS","icmp_options":[],"id":"454569","is_valid":true,"network_security_group_id":"ocid1.networksecuritygroup.oc1.il-jerusalem-1.aaaaaaaaf6osjah3vrtlnzppdnca6c7xfwqzi22u33q5o2uihmgjp5l6p4iq","protocol":"all","source":null,"source_type":"","stateless":false,"tcp_options":[],"time_created":"2025-03-07 21:18:17.449 +0000 UTC","timeouts":null,"udp_options":[]},"sensitive_attributes":[],"private":"eyJlMmJmYjczMC1lY2FhLTExZTYtOGY4OC0zNDM2M2JjN2M0YzAiOnsiY3JlYXRlIjoxMjAwMDAwMDAwMDAwLCJkZWxldGUiOjEyMDAwMDAwMDAwMDAsInVwZGF0ZSI6MTIwMDAwMDAwMDAwMH19","dependencies":["module.oci_vcn.oci_core_vcn.vcn","oci_core_network_security_group.nsg-1"]}]},{"mode":"managed","type":"oci_core_network_security_group_security_rule","name":"ingress_rule_custom_30443","provider":"provider[\"registry.opentofu.org/oracle/oci\"]","instances":[{"schema_version":0,"attributes":{"description":null,"destination":null,"destination_type":"","direction":"INGRESS","icmp_options":[],"id":"35832C","is_valid":true,"network_security_group_id":"ocid1.networksecuritygroup.oc1.il-jerusalem-1.aaaaaaaaf6osjah3vrtlnzppdnca6c7xfwqzi22u33q5o2uihmgjp5l6p4iq","protocol":"6","source":"87.68.252.77/32","source_type":"CIDR_BLOCK","stateless":false,"tcp_options":[{"destination_port_range":[{"max":30443,"min":30443}],"source_port_range":[]}],"time_created":"2025-03-07 21:16:40.873 +0000 UTC","timeouts":null,"udp_options":[]},"sensitive_attributes":[],"private":"eyJlMmJmYjczMC1lY2FhLTExZTYtOGY4OC0zNDM2M2JjN2M0YzAiOnsiY3JlYXRlIjoxMjAwMDAwMDAwMDAwLCJkZWxldGUiOjEyMDAwMDAwMDAwMDAsInVwZGF0ZSI6MTIwMDAwMDAwMDAwMH19","dependencies":["module.oci_vcn.oci_core_vcn.vcn","oci_core_network_security_group.nsg-1"]}]},{"mode":"managed","type":"oci_core_network_security_group_security_rule","name":"ingress_rule_custom_8096","provider":"provider[\"registry.opentofu.org/oracle/oci\"]","instances":[{"schema_version":0,"attributes":{"description":null,"destination":null,"destination_type":"","direction":"INGRESS","icmp_options":[],"id":"87BE5B","is_valid":true,"network_security_group_id":"ocid1.networksecuritygroup.oc1.il-jerusalem-1.aaaaaaaaf6osjah3vrtlnzppdnca6c7xfwqzi22u33q5o2uihmgjp5l6p4iq","protocol":"6","source":"87.68.252.77/32","source_type":"CIDR_BLOCK","stateless":false,"tcp_options":[{"destination_port_range":[{"max":8920,"min":8096}],"source_port_range":[]}],"time_created":"2025-03-07 21:17:54.344 +0000 UTC","timeouts":null,"udp_options":[]},"sensitive_attributes":[],"private":"eyJlMmJmYjczMC1lY2FhLTExZTYtOGY4OC0zNDM2M2JjN2M0YzAiOnsiY3JlYXRlIjoxMjAwMDAwMDAwMDAwLCJkZWxldGUiOjEyMDAwMDAwMDAwMDAsInVwZGF0ZSI6MTIwMDAwMDAwMDAwMH19","dependencies":["module.oci_vcn.oci_core_vcn.vcn","oci_core_network_security_group.nsg-1"]}]},{"mode":"managed","type":"oci_core_network_security_group_security_rule","name":"ingress_rule_custom_8096_doron","provider":"provider[\"registry.opentofu.org/oracle/oci\"]","instances":[{"schema_version":0,"attributes":{"description":null,"destination":null,"destination_type":"","direction":"INGRESS","icmp_options":[],"id":"BF05EE","is_valid":true,"network_security_group_id":"ocid1.networksecuritygroup.oc1.il-jerusalem-1.aaaaaaaaf6osjah3vrtlnzppdnca6c7xfwqzi22u33q5o2uihmgjp5l6p4iq","protocol":"6","source":"89.139.22.147/32","source_type":"CIDR_BLOCK","stateless":false,"tcp_options":[{"destination_port_range":[{"max":8920,"min":8096}],"source_port_range":[]}],"time_created":"2025-03-07 21:17:54.419 +0000 UTC","timeouts":null,"udp_options":[]},"sensitive_attributes":[],"private":"eyJlMmJmYjczMC1lY2FhLTExZTYtOGY4OC0zNDM2M2JjN2M0YzAiOnsiY3JlYXRlIjoxMjAwMDAwMDAwMDAwLCJkZWxldGUiOjEyMDAwMDAwMDAwMDAsInVwZGF0ZSI6MTIwMDAwMDAwMDAwMH19","dependencies":["module.oci_vcn.oci_core_vcn.vcn","oci_core_network_security_group.nsg-1"]}]},{"mode":"managed","type":"oci_core_network_security_group_security_rule","name":"ingress_rule_custom_8096_miriam","provider":"provider[\"registry.opentofu.org/oracle/oci\"]","instances":[{"schema_version":0,"attributes":{"description":null,"destination":null,"destination_type":"","direction":"INGRESS","icmp_options":[],"id":"B36DA2","is_valid":true,"network_security_group_id":"ocid1.networksecuritygroup.oc1.il-jerusalem-1.aaaaaaaaf6osjah3vrtlnzppdnca6c7xfwqzi22u33q5o2uihmgjp5l6p4iq","protocol":"6","source":"46.121.169.92/32","source_type":"CIDR_BLOCK","stateless":false,"tcp_options":[{"destination_port_range":[{"max":8920,"min":8096}],"source_port_range":[]}],"time_created":"2025-03-07 21:17:56.284 +0000 UTC","timeouts":null,"udp_options":[]},"sensitive_attributes":[],"private":"eyJlMmJmYjczMC1lY2FhLTExZTYtOGY4OC0zNDM2M2JjN2M0YzAiOnsiY3JlYXRlIjoxMjAwMDAwMDAwMDAwLCJkZWxldGUiOjEyMDAwMDAwMDAwMDAsInVwZGF0ZSI6MTIwMDAwMDAwMDAwMH19","dependencies":["module.oci_vcn.oci_core_vcn.vcn","oci_core_network_security_group.nsg-1"]}]},{"mode":"managed","type":"oci_core_network_security_group_security_rule","name":"ingress_rule_custom_8096_shira","provider":"provider[\"registry.opentofu.org/oracle/oci\"]","instances":[{"schema_version":0,"attributes":{"description":null,"destination":null,"destination_type":"","direction":"INGRESS","icmp_options":[],"id":"D135A7","is_valid":true,"network_security_group_id":"ocid1.networksecuritygroup.oc1.il-jerusalem-1.aaaaaaaaf6osjah3vrtlnzppdnca6c7xfwqzi22u33q5o2uihmgjp5l6p4iq","protocol":"6","source":"77.125.195.34/32","source_type":"CIDR_BLOCK","stateless":false,"tcp_options":[{"destination_port_range":[{"max":8920,"min":8096}],"source_port_range":[]}],"time_created":"2025-03-07 21:17:54.533 +0000 UTC","timeouts":null,"udp_options":[]},"sensitive_attributes":[],"private":"eyJlMmJmYjczMC1lY2FhLTExZTYtOGY4OC0zNDM2M2JjN2M0YzAiOnsiY3JlYXRlIjoxMjAwMDAwMDAwMDAwLCJkZWxldGUiOjEyMDAwMDAwMDAwMDAsInVwZGF0ZSI6MTIwMDAwMDAwMDAwMH19","dependencies":["module.oci_vcn.oci_core_vcn.vcn","oci_core_network_security_group.nsg-1"]}]},{"mode":"managed","type":"oci_core_network_security_group_security_rule","name":"ingress_rule_custom_80_443","provider":"provider[\"registry.opentofu.org/oracle/oci\"]","instances":[{"schema_version":0,"attributes":{"description":null,"destination":null,"destination_type":"","direction":"INGRESS","icmp_options":[],"id":"49F431","is_valid":true,"network_security_group_id":"ocid1.networksecuritygroup.oc1.il-jerusalem-1.aaaaaaaaf6osjah3vrtlnzppdnca6c7xfwqzi22u33q5o2uihmgjp5l6p4iq","protocol":"6","source":"0.0.0.0/0","source_type":"CIDR_BLOCK","stateless":false,"tcp_options":[{"destination_port_range":[{"max":443,"min":80}],"source_port_range":[]}],"time_created":"2025-03-07 23:26:57.771 +0000 UTC","timeouts":null,"udp_options":[]},"sensitive_attributes":[],"private":"eyJlMmJmYjczMC1lY2FhLTExZTYtOGY4OC0zNDM2M2JjN2M0YzAiOnsiY3JlYXRlIjoxMjAwMDAwMDAwMDAwLCJkZWxldGUiOjEyMDAwMDAwMDAwMDAsInVwZGF0ZSI6MTIwMDAwMDAwMDAwMH19","dependencies":["module.oci_vcn.oci_core_vcn.vcn","oci_core_network_security_group.nsg-1"]}]},{"mode":"managed","type":"oci_core_network_security_group_security_rule","name":"ingress_rule_ssh","provider":"provider[\"registry.opentofu.org/oracle/oci\"]","instances":[{"schema_version":0,"attributes":{"description":null,"destination":null,"destination_type":"","direction":"INGRESS","icmp_options":[],"id":"99D5A6","is_valid":true,"network_security_group_id":"ocid1.networksecuritygroup.oc1.il-jerusalem-1.aaaaaaaaf6osjah3vrtlnzppdnca6c7xfwqzi22u33q5o2uihmgjp5l6p4iq","protocol":"6","source":"87.68.252.77/32","source_type":"CIDR_BLOCK","stateless":false,"tcp_options":[{"destination_port_range":[{"max":22,"min":22}],"source_port_range":[]}],"time_created":"2025-03-07 21:16:40.503 +0000 UTC","timeouts":null,"udp_options":[]},"sensitive_attributes":[],"private":"eyJlMmJmYjczMC1lY2FhLTExZTYtOGY4OC0zNDM2M2JjN2M0YzAiOnsiY3JlYXRlIjoxMjAwMDAwMDAwMDAwLCJkZWxldGUiOjEyMDAwMDAwMDAwMDAsInVwZGF0ZSI6MTIwMDAwMDAwMDAwMH19","dependencies":["module.oci_vcn.oci_core_vcn.vcn","oci_core_network_security_group.nsg-1"]}]},{"module":"module.instance","mode":"data","type":"oci_core_private_ips","name":"private_ips","provider":"provider[\"registry.opentofu.org/oracle/oci\"]","instances":[{"index_key":0,"schema_version":0,"attributes":{"filter":null,"id":"CorePrivateIpsDataSource-934798696","ip_address":null,"private_ips":[{"availability_domain":"arBk:IL-JERUSALEM-1-AD-1","compartment_id":"ocid1.tenancy.oc1..aaaaaaaa66wkuhn3lioj44arbaokoeukfjlnt2njqghj52faoaganmsfl35a","defined_tags":{"Oracle-Tags.CreatedBy":"default/urizaf@gmail.com","Oracle-Tags.CreatedOn":"2025-02-16T20:49:24.681Z"},"display_name":"vm-1","freeform_tags":{"module":"oracle-terraform-modules/compute-instance/oci","terraformed":"Please do not edit manually"},"hostname_label":"","id":"ocid1.privateip.oc1.il-jerusalem-1.abwxiljrh6bykegjfdgg3twxsvz6pginjwz5q27qjfa7uksudpovft42qkva","ip_address":"10.0.0.254","is_primary":true,"is_reserved":false,"route_table_id":"","subnet_id":"ocid1.subnet.oc1.il-jerusalem-1.aaaaaaaaqxwv3isu4gekk2wcd4ejebnnh2aolxmctxtsjpamftcc7esskvva","time_created":"2025-02-16 20:49:28.992 +0000 UTC","vlan_id":"","vnic_id":"ocid1.vnic.oc1.il-jerusalem-1.abwxiljrk5au4xoyivhgs6pd3bw4evyfivemqowytwdkgfcgiphjugrgkucq"}],"subnet_id":null,"vlan_id":null,"vnic_id":"ocid1.vnic.oc1.il-jerusalem-1.abwxiljrk5au4xoyivhgs6pd3bw4evyfivemqowytwdkgfcgiphjugrgkucq"},"sensitive_attributes":[]}]},{"module":"module.instance","mode":"data","type":"oci_core_shapes","name":"current_ad","provider":"provider[\"registry.opentofu.org/oracle/oci\"]","instances":[{"schema_version":0,"attributes":{"availability_domain":"arBk:IL-JERUSALEM-1-AD-1","compartment_id":"ocid1.tenancy.oc1..aaaaaaaa66wkuhn3lioj44arbaokoeukfjlnt2njqghj52faoaganmsfl35a","filter":null,"id":"CoreShapesDataSource-4131210388","image_id":null,"shapes":[{"baseline_ocpu_utilizations":[],"billing_type":"PAID","gpu_description":"","gpus":0,"is_billed_for_stopped_instance":false,"is_flexible":false,"is_live_migration_supported":false,"is_subcore":false,"local_disk_description":"","local_disks":0,"local_disks_total_size_in_gbs":0,"max_vnic_attachment_options":[],"max_vnic_attachments":256,"memory_in_gbs":1024,"memory_options":[],"min_total_baseline_ocpus_required":0,"name":"BM.Standard.A1.160","network_ports":2,"networking_bandwidth_in_gbps":100,"networking_bandwidth_options":[],"ocpu_options":[],"ocpus":160,"platform_config_options":[],"processor_description":"3.0 GHz Ampere® Altra™","quota_names":["standard-a1-memory-count","standard-a1-memory-regional-count","standard-a1-core-count","standard-a1-core-regional-count"],"rdma_bandwidth_in_gbps":0,"rdma_ports":0,"recommended_alternatives":[],"resize_compatible_shapes":[]},{"baseline_ocpu_utilizations":[],"billing_type":"PAID","gpu_description":"","gpus":0,"is_billed_for_stopped_instance":false,"is_flexible":false,"is_live_migration_supported":false,"is_subcore":false,"local_disk_description":"","local_disks":0,"local_disks_total_size_in_gbs":0,"max_vnic_attachment_options":[],"max_vnic_attachments":256,"memory_in_gbs":1024,"memory_options":[],"min_total_baseline_ocpus_required":0,"name":"BM.Standard3.64","network_ports":2,"networking_bandwidth_in_gbps":100,"networking_bandwidth_options":[],"ocpu_options":[],"ocpus":64,"platform_config_options":[{"access_control_service_options":[],"input_output_memory_management_unit_options":[{"allowed_values":[true,false],"is_default_enabled":true}],"measured_boot_options":[],"memory_encryption_options":[],"numa_nodes_per_socket_platform_options":[{"allowed_values":["NPS1","NPS2"],"default_value":"NPS1"}],"percentage_of_cores_enabled_options":[{"default_value":100,"max":100,"min":1}],"secure_boot_options":[{"allowed_values":[true,false],"is_default_enabled":false}],"symmetric_multi_threading_options":[{"allowed_values":[true,false],"is_default_enabled":true}],"trusted_platform_module_options":[{"allowed_values":[true,false],"is_default_enabled":false}],"type":"INTEL_ICELAKE_BM","virtual_instructions_options":[]}],"processor_description":"2.6 GHz Intel® Xeon® Platinum 8358 (Ice Lake)","quota_names":["standard3-memory-count","standard3-core-count"],"rdma_bandwidth_in_gbps":0,"rdma_ports":0,"recommended_alternatives":[],"resize_compatible_shapes":[]},{"baseline_ocpu_utilizations":[],"billing_type":"PAID","gpu_description":"","gpus":0,"is_billed_for_stopped_instance":false,"is_flexible":false,"is_live_migration_supported":false,"is_subcore":false,"local_disk_description":"","local_disks":0,"local_disks_total_size_in_gbs":0,"max_vnic_attachment_options":[],"max_vnic_attachments":200,"memory_in_gbs":768,"memory_options":[],"min_total_baseline_ocpus_required":0,"name":"BM.Standard2.52","network_ports":2,"networking_bandwidth_in_gbps":50,"networking_bandwidth_options":[],"ocpu_options":[],"ocpus":52,"platform_config_options":[{"access_control_service_options":[],"input_output_memory_management_unit_options":[{"allowed_values":[true,false],"is_default_enabled":true}],"measured_boot_options":[{"allowed_values":[false],"is_default_enabled":false}],"memory_encryption_options":[],"numa_nodes_per_socket_platform_options":[{"allowed_values":["NPS1","NPS2"],"default_value":"NPS1"}],"percentage_of_cores_enabled_options":[{"default_value":100,"max":100,"min":1}],"secure_boot_options":[{"allowed_values":[true,false],"is_default_enabled":false}],"symmetric_multi_threading_options":[{"allowed_values":[true,false],"is_default_enabled":true}],"trusted_platform_module_options":[{"allowed_values":[true,false],"is_default_enabled":false}],"type":"INTEL_SKYLAKE_BM","virtual_instructions_options":[]}],"processor_description":"2.0 GHz Intel® Xeon® Platinum 8167M (Skylake)","quota_names":["standard2-core-count"],"rdma_bandwidth_in_gbps":0,"rdma_ports":0,"recommended_alternatives":[],"resize_compatible_shapes":[]},{"baseline_ocpu_utilizations":[],"billing_type":"PAID","gpu_description":"","gpus":0,"is_billed_for_stopped_instance":true,"is_flexible":false,"is_live_migration_supported":false,"is_subcore":false,"local_disk_description":"NVMe SSD Storage","local_disks":1,"local_disks_total_size_in_gbs":3840,"max_vnic_attachment_options":[],"max_vnic_attachments":256,"memory_in_gbs":512,"memory_options":[],"min_total_baseline_ocpus_required":0,"name":"BM.Optimized3.36","network_ports":2,"networking_bandwidth_in_gbps":100,"networking_bandwidth_options":[],"ocpu_options":[],"ocpus":36,"platform_config_options":[{"access_control_service_options":[],"input_output_memory_management_unit_options":[{"allowed_values":[true,false],"is_default_enabled":true}],"measured_boot_options":[],"memory_encryption_options":[],"numa_nodes_per_socket_platform_options":[{"allowed_values":["NPS1","NPS2"],"default_value":"NPS1"}],"percentage_of_cores_enabled_options":[{"default_value":100,"max":100,"min":1}],"secure_boot_options":[{"allowed_values":[true,false],"is_default_enabled":false}],"symmetric_multi_threading_options":[{"allowed_values":[true,false],"is_default_enabled":true}],"trusted_platform_module_options":[{"allowed_values":[true,false],"is_default_enabled":false}],"type":"INTEL_ICELAKE_BM","virtual_instructions_options":[]}],"processor_description":"3.0 GHz Intel® Xeon® Gold 6354 (Ice Lake)","quota_names":["optimized3-core-count","optimized3-memory-count"],"rdma_bandwidth_in_gbps":100,"rdma_ports":1,"recommended_alternatives":[],"resize_compatible_shapes":[]},{"baseline_ocpu_utilizations":[],"billing_type":"PAID","gpu_description":"","gpus":0,"is_billed_for_stopped_instance":false,"is_flexible":false,"is_live_migration_supported":false,"is_subcore":false,"local_disk_description":"","local_disks":0,"local_disks_total_size_in_gbs":0,"max_vnic_attachment_options":[],"max_vnic_attachments":256,"memory_in_gbs":2048,"memory_options":[],"min_total_baseline_ocpus_required":0,"name":"BM.Standard.E4.128","network_ports":2,"networking_bandwidth_in_gbps":100,"networking_bandwidth_options":[],"ocpu_options":[],"ocpus":128,"platform_config_options":[{"access_control_service_options":[{"allowed_values":[true,false],"is_default_enabled":true}],"input_output_memory_management_unit_options":[{"allowed_values":[true,false],"is_default_enabled":true}],"measured_boot_options":[{"allowed_values":[false],"is_default_enabled":false}],"memory_encryption_options":[{"allowed_values":[true,false],"is_default_enabled":false}],"numa_nodes_per_socket_platform_options":[{"allowed_values":["NPS0","NPS1","NPS2","NPS4"],"default_value":"NPS1"}],"percentage_of_cores_enabled_options":[{"default_value":100,"max":100,"min":1}],"secure_boot_options":[{"allowed_values":[true,false],"is_default_enabled":false}],"symmetric_multi_threading_options":[{"allowed_values":[true,false],"is_default_enabled":true}],"trusted_platform_module_options":[{"allowed_values":[true,false],"is_default_enabled":false}],"type":"AMD_MILAN_BM","virtual_instructions_options":[{"allowed_values":[true,false],"is_default_enabled":true}]}],"processor_description":"2.55 GHz AMD EPYC™ 7J13 (Milan)","quota_names":["standard-e4-core-count","standard-e4-memory-count"],"rdma_bandwidth_in_gbps":0,"rdma_ports":0,"recommended_alternatives":[],"resize_compatible_shapes":[]},{"baseline_ocpu_utilizations":[],"billing_type":"PAID","gpu_description":"","gpus":0,"is_billed_for_stopped_instance":false,"is_flexible":false,"is_live_migration_supported":false,"is_subcore":false,"local_disk_description":"","local_disks":0,"local_disks_total_size_in_gbs":0,"max_vnic_attachment_options":[],"max_vnic_attachments":256,"memory_in_gbs":2048,"memory_options":[],"min_total_baseline_ocpus_required":0,"name":"BM.Standard.E3.128","network_ports":2,"networking_bandwidth_in_gbps":100,"networking_bandwidth_options":[],"ocpu_options":[],"ocpus":128,"platform_config_options":[{"access_control_service_options":[{"allowed_values":[true,false],"is_default_enabled":true}],"input_output_memory_management_unit_options":[{"allowed_values":[true,false],"is_default_enabled":true}],"measured_boot_options":[{"allowed_values":[false],"is_default_enabled":false}],"memory_encryption_options":[{"allowed_values":[true,false],"is_default_enabled":false}],"numa_nodes_per_socket_platform_options":[{"allowed_values":["NPS0","NPS1","NPS2","NPS4"],"default_value":"NPS1"}],"percentage_of_cores_enabled_options":[{"default_value":100,"max":100,"min":1}],"secure_boot_options":[{"allowed_values":[true,false],"is_default_enabled":false}],"symmetric_multi_threading_options":[{"allowed_values":[true,false],"is_default_enabled":true}],"trusted_platform_module_options":[{"allowed_values":[true,false],"is_default_enabled":false}],"type":"AMD_ROME_BM","virtual_instructions_options":[{"allowed_values":[true,false],"is_default_enabled":true}]}],"processor_description":"2.25 GHz AMD EPYC™ 7742 (Rome)","quota_names":["standard-e3-core-ad-count","standard-e3-memory-count"],"rdma_bandwidth_in_gbps":0,"rdma_ports":0,"recommended_alternatives":[],"resize_compatible_shapes":[]},{"baseline_ocpu_utilizations":[],"billing_type":"PAID","gpu_description":"","gpus":0,"is_billed_for_stopped_instance":false,"is_flexible":true,"is_live_migration_supported":true,"is_subcore":false,"local_disk_description":"","local_disks":0,"local_disks_total_size_in_gbs":0,"max_vnic_attachment_options":[{"default_per_ocpu":2,"max":24,"min":2}],"max_vnic_attachments":2,"memory_in_gbs":14,"memory_options":[{"default_per_ocpu_in_gbs":14,"max_in_gbs":256,"max_per_numa_node_in_gbs":256,"max_per_ocpu_in_gbs":64,"min_in_gbs":1,"min_per_ocpu_in_gbs":1}],"min_total_baseline_ocpus_required":0,"name":"VM.Optimized3.Flex","network_ports":1,"networking_bandwidth_in_gbps":4,"networking_bandwidth_options":[{"default_per_ocpu_in_gbps":4,"max_in_gbps":40,"min_in_gbps":4}],"ocpu_options":[{"max":18,"max_per_numa_node":18,"min":1}],"ocpus":1,"platform_config_options":[{"access_control_service_options":[],"input_output_memory_management_unit_options":[],"measured_boot_options":[{"allowed_values":[true,false],"is_default_enabled":false}],"memory_encryption_options":[],"numa_nodes_per_socket_platform_options":[],"percentage_of_cores_enabled_options":[],"secure_boot_options":[{"allowed_values":[true,false],"is_default_enabled":false}],"symmetric_multi_threading_options":[{"allowed_values":[true,false],"is_default_enabled":true}],"trusted_platform_module_options":[{"allowed_values":[true,false],"is_default_enabled":false}],"type":"INTEL_VM","virtual_instructions_options":[]}],"processor_description":"3.0 GHz Intel® Xeon® Gold 6354 (Ice Lake)","quota_names":["optimized3-core-count","optimized3-memory-count"],"rdma_bandwidth_in_gbps":0,"rdma_ports":0,"recommended_alternatives":[],"resize_compatible_shapes":["VM.Standard1.1","VM.Standard1.2","VM.Standard1.4","VM.Standard1.8","VM.Standard1.16","VM.Standard.E2.1","VM.Standard.E2.2","VM.Standard.E2.4","VM.Standard.E2.8","VM.Standard2.1","VM.Standard2.2","VM.Standard2.4","VM.Standard2.8","VM.Standard2.16","VM.Standard2.24","VM.Standard.E3.Flex","VM.Standard.E4.Flex","VM.Standard.E5.Flex","VM.Optimized3.Flex","VM.Standard3.Flex"]},{"baseline_ocpu_utilizations":["BASELINE_1_8","BASELINE_1_2","BASELINE_1_1"],"billing_type":"PAID","gpu_description":"","gpus":0,"is_billed_for_stopped_instance":false,"is_flexible":true,"is_live_migration_supported":true,"is_subcore":true,"local_disk_description":"","local_disks":0,"local_disks_total_size_in_gbs":0,"max_vnic_attachment_options":[{"default_per_ocpu":1,"max":24,"min":2}],"max_vnic_attachments":2,"memory_in_gbs":16,"memory_options":[{"default_per_ocpu_in_gbs":16,"max_in_gbs":1760,"max_per_numa_node_in_gbs":1024,"max_per_ocpu_in_gbs":64,"min_in_gbs":1,"min_per_ocpu_in_gbs":1}],"min_total_baseline_ocpus_required":0,"name":"VM.Standard.E4.Flex","network_ports":1,"networking_bandwidth_in_gbps":1,"networking_bandwidth_options":[{"default_per_ocpu_in_gbps":1,"max_in_gbps":40,"min_in_gbps":1}],"ocpu_options":[{"max":114,"max_per_numa_node":64,"min":1}],"ocpus":1,"platform_config_options":[{"access_control_service_options":[],"input_output_memory_management_unit_options":[],"measured_boot_options":[{"allowed_values":[true,false],"is_default_enabled":false}],"memory_encryption_options":[],"numa_nodes_per_socket_platform_options":[],"percentage_of_cores_enabled_options":[],"secure_boot_options":[{"allowed_values":[true,false],"is_default_enabled":false}],"symmetric_multi_threading_options":[{"allowed_values":[true,false],"is_default_enabled":true}],"trusted_platform_module_options":[{"allowed_values":[true,false],"is_default_enabled":false}],"type":"AMD_VM","virtual_instructions_options":[]}],"processor_description":"2.55 GHz AMD EPYC™ 7J13 (Milan)","quota_names":["standard-e4-core-count","standard-e4-memory-count"],"rdma_bandwidth_in_gbps":0,"rdma_ports":0,"recommended_alternatives":[],"resize_compatible_shapes":["VM.Standard1.1","VM.Standard1.2","VM.Standard1.4","VM.Standard1.8","VM.Standard1.16","VM.Standard.E2.1","VM.Standard.E2.2","VM.Standard.E2.4","VM.Standard.E2.8","VM.Standard2.1","VM.Standard2.2","VM.Standard2.4","VM.Standard2.8","VM.Standard2.16","VM.Standard2.24","VM.Standard.E3.Flex","VM.Standard.E4.Flex","VM.Standard.E5.Flex","VM.Optimized3.Flex","VM.Standard3.Flex"]},{"baseline_ocpu_utilizations":["BASELINE_1_8","BASELINE_1_2","BASELINE_1_1"],"billing_type":"PAID","gpu_description":"","gpus":0,"is_billed_for_stopped_instance":false,"is_flexible":true,"is_live_migration_supported":true,"is_subcore":true,"local_disk_description":"","local_disks":0,"local_disks_total_size_in_gbs":0,"max_vnic_attachment_options":[{"default_per_ocpu":1,"max":24,"min":2}],"max_vnic_attachments":2,"memory_in_gbs":16,"memory_options":[{"default_per_ocpu_in_gbs":16,"max_in_gbs":1776,"max_per_numa_node_in_gbs":1024,"max_per_ocpu_in_gbs":64,"min_in_gbs":1,"min_per_ocpu_in_gbs":1}],"min_total_baseline_ocpus_required":0,"name":"VM.Standard.E3.Flex","network_ports":1,"networking_bandwidth_in_gbps":1,"networking_bandwidth_options":[{"default_per_ocpu_in_gbps":1,"max_in_gbps":40,"min_in_gbps":1}],"ocpu_options":[{"max":114,"max_per_numa_node":64,"min":1}],"ocpus":1,"platform_config_options":[{"access_control_service_options":[],"input_output_memory_management_unit_options":[],"measured_boot_options":[{"allowed_values":[true,false],"is_default_enabled":false}],"memory_encryption_options":[],"numa_nodes_per_socket_platform_options":[],"percentage_of_cores_enabled_options":[],"secure_boot_options":[{"allowed_values":[true,false],"is_default_enabled":false}],"symmetric_multi_threading_options":[{"allowed_values":[true,false],"is_default_enabled":true}],"trusted_platform_module_options":[{"allowed_values":[true,false],"is_default_enabled":false}],"type":"AMD_VM","virtual_instructions_options":[]}],"processor_description":"2.25 GHz AMD EPYC™ 7742 (Rome)","quota_names":["standard-e3-core-ad-count","standard-e3-memory-count"],"rdma_bandwidth_in_gbps":0,"rdma_ports":0,"recommended_alternatives":[],"resize_compatible_shapes":["VM.Standard1.1","VM.Standard1.2","VM.Standard1.4","VM.Standard1.8","VM.Standard1.16","VM.Standard.E2.1","VM.Standard.E2.2","VM.Standard.E2.4","VM.Standard.E2.8","VM.Standard2.1","VM.Standard2.2","VM.Standard2.4","VM.Standard2.8","VM.Standard2.16","VM.Standard2.24","VM.Standard.E3.Flex","VM.Standard.E4.Flex","VM.Standard.E5.Flex","VM.Optimized3.Flex","VM.Standard3.Flex"]},{"baseline_ocpu_utilizations":[],"billing_type":"LIMITED_FREE","gpu_description":"","gpus":0,"is_billed_for_stopped_instance":false,"is_flexible":true,"is_live_migration_supported":true,"is_subcore":false,"local_disk_description":"","local_disks":0,"local_disks_total_size_in_gbs":0,"max_vnic_attachment_options":[{"default_per_ocpu":1,"max":24,"min":2}],"max_vnic_attachments":2,"memory_in_gbs":6,"memory_options":[{"default_per_ocpu_in_gbs":6,"max_in_gbs":512,"max_per_numa_node_in_gbs":512,"max_per_ocpu_in_gbs":64,"min_in_gbs":1,"min_per_ocpu_in_gbs":1}],"min_total_baseline_ocpus_required":0,"name":"VM.Standard.A1.Flex","network_ports":1,"networking_bandwidth_in_gbps":1,"networking_bandwidth_options":[{"default_per_ocpu_in_gbps":1,"max_in_gbps":40,"min_in_gbps":1}],"ocpu_options":[{"max":80,"max_per_numa_node":80,"min":1}],"ocpus":1,"platform_config_options":[],"processor_description":"3.0 GHz Ampere® Altra™","quota_names":["standard-a1-memory-count","standard-a1-memory-regional-count","standard-a1-core-count","standard-a1-core-regional-count"],"rdma_bandwidth_in_gbps":0,"rdma_ports":0,"recommended_alternatives":[],"resize_compatible_shapes":["VM.Standard.A1.Flex","VM.Standard.A2.Flex"]},{"baseline_ocpu_utilizations":[],"billing_type":"PAID","gpu_description":"","gpus":0,"is_billed_for_stopped_instance":false,"is_flexible":false,"is_live_migration_supported":true,"is_subcore":false,"local_disk_description":"","local_disks":0,"local_disks_total_size_in_gbs":0,"max_vnic_attachment_options":[],"max_vnic_attachments":2,"memory_in_gbs":15,"memory_options":[],"min_total_baseline_ocpus_required":0,"name":"VM.Standard2.1","network_ports":1,"networking_bandwidth_in_gbps":1,"networking_bandwidth_options":[],"ocpu_options":[],"ocpus":1,"platform_config_options":[{"access_control_service_options":[],"input_output_memory_management_unit_options":[],"measured_boot_options":[{"allowed_values":[true,false],"is_default_enabled":false}],"memory_encryption_options":[],"numa_nodes_per_socket_platform_options":[],"percentage_of_cores_enabled_options":[],"secure_boot_options":[{"allowed_values":[true,false],"is_default_enabled":false}],"symmetric_multi_threading_options":[{"allowed_values":[true,false],"is_default_enabled":true}],"trusted_platform_module_options":[{"allowed_values":[true,false],"is_default_enabled":false}],"type":"INTEL_VM","virtual_instructions_options":[]}],"processor_description":"2.0 GHz Intel® Xeon® Platinum 8167M (Skylake)","quota_names":["standard2-core-count"],"rdma_bandwidth_in_gbps":0,"rdma_ports":0,"recommended_alternatives":[],"resize_compatible_shapes":["VM.Standard1.1","VM.Standard1.2","VM.Standard1.4","VM.Standard1.8","VM.Standard1.16","VM.Standard.E2.1","VM.Standard.E2.2","VM.Standard.E2.4","VM.Standard.E2.8","VM.Standard2.1","VM.Standard2.2","VM.Standard2.4","VM.Standard2.8","VM.Standard2.16","VM.Standard2.24","VM.Standard.E3.Flex","VM.Standard.E4.Flex","VM.Standard.E5.Flex","VM.Optimized3.Flex","VM.Standard3.Flex"]},{"baseline_ocpu_utilizations":[],"billing_type":"PAID","gpu_description":"","gpus":0,"is_billed_for_stopped_instance":false,"is_flexible":false,"is_live_migration_supported":true,"is_subcore":false,"local_disk_description":"","local_disks":0,"local_disks_total_size_in_gbs":0,"max_vnic_attachment_options":[],"max_vnic_attachments":2,"memory_in_gbs":30,"memory_options":[],"min_total_baseline_ocpus_required":0,"name":"VM.Standard2.2","network_ports":1,"networking_bandwidth_in_gbps":2,"networking_bandwidth_options":[],"ocpu_options":[],"ocpus":2,"platform_config_options":[{"access_control_service_options":[],"input_output_memory_management_unit_options":[],"measured_boot_options":[{"allowed_values":[true,false],"is_default_enabled":false}],"memory_encryption_options":[],"numa_nodes_per_socket_platform_options":[],"percentage_of_cores_enabled_options":[],"secure_boot_options":[{"allowed_values":[true,false],"is_default_enabled":false}],"symmetric_multi_threading_options":[{"allowed_values":[true,false],"is_default_enabled":true}],"trusted_platform_module_options":[{"allowed_values":[true,false],"is_default_enabled":false}],"type":"INTEL_VM","virtual_instructions_options":[]}],"processor_description":"2.0 GHz Intel® Xeon® Platinum 8167M (Skylake)","quota_names":["standard2-core-count"],"rdma_bandwidth_in_gbps":0,"rdma_ports":0,"recommended_alternatives":[],"resize_compatible_shapes":["VM.Standard1.1","VM.Standard1.2","VM.Standard1.4","VM.Standard1.8","VM.Standard1.16","VM.Standard.E2.1","VM.Standard.E2.2","VM.Standard.E2.4","VM.Standard.E2.8","VM.Standard2.1","VM.Standard2.2","VM.Standard2.4","VM.Standard2.8","VM.Standard2.16","VM.Standard2.24","VM.Standard.E3.Flex","VM.Standard.E4.Flex","VM.Standard.E5.Flex","VM.Optimized3.Flex","VM.Standard3.Flex"]},{"baseline_ocpu_utilizations":[],"billing_type":"PAID","gpu_description":"","gpus":0,"is_billed_for_stopped_instance":false,"is_flexible":false,"is_live_migration_supported":true,"is_subcore":false,"local_disk_description":"","local_disks":0,"local_disks_total_size_in_gbs":0,"max_vnic_attachment_options":[],"max_vnic_attachments":4,"memory_in_gbs":60,"memory_options":[],"min_total_baseline_ocpus_required":0,"name":"VM.Standard2.4","network_ports":1,"networking_bandwidth_in_gbps":4.099999904632568,"networking_bandwidth_options":[],"ocpu_options":[],"ocpus":4,"platform_config_options":[{"access_control_service_options":[],"input_output_memory_management_unit_options":[],"measured_boot_options":[{"allowed_values":[true,false],"is_default_enabled":false}],"memory_encryption_options":[],"numa_nodes_per_socket_platform_options":[],"percentage_of_cores_enabled_options":[],"secure_boot_options":[{"allowed_values":[true,false],"is_default_enabled":false}],"symmetric_multi_threading_options":[{"allowed_values":[true,false],"is_default_enabled":true}],"trusted_platform_module_options":[{"allowed_values":[true,false],"is_default_enabled":false}],"type":"INTEL_VM","virtual_instructions_options":[]}],"processor_description":"2.0 GHz Intel® Xeon® Platinum 8167M (Skylake)","quota_names":["standard2-core-count"],"rdma_bandwidth_in_gbps":0,"rdma_ports":0,"recommended_alternatives":[],"resize_compatible_shapes":["VM.Standard1.1","VM.Standard1.2","VM.Standard1.4","VM.Standard1.8","VM.Standard1.16","VM.Standard.E2.1","VM.Standard.E2.2","VM.Standard.E2.4","VM.Standard.E2.8","VM.Standard2.1","VM.Standard2.2","VM.Standard2.4","VM.Standard2.8","VM.Standard2.16","VM.Standard2.24","VM.Standard.E3.Flex","VM.Standard.E4.Flex","VM.Standard.E5.Flex","VM.Optimized3.Flex","VM.Standard3.Flex"]},{"baseline_ocpu_utilizations":[],"billing_type":"PAID","gpu_description":"","gpus":0,"is_billed_for_stopped_instance":false,"is_flexible":false,"is_live_migration_supported":true,"is_subcore":false,"local_disk_description":"","local_disks":0,"local_disks_total_size_in_gbs":0,"max_vnic_attachment_options":[],"max_vnic_attachments":8,"memory_in_gbs":120,"memory_options":[],"min_total_baseline_ocpus_required":0,"name":"VM.Standard2.8","network_ports":1,"networking_bandwidth_in_gbps":8.199999809265137,"networking_bandwidth_options":[],"ocpu_options":[],"ocpus":8,"platform_config_options":[{"access_control_service_options":[],"input_output_memory_management_unit_options":[],"measured_boot_options":[{"allowed_values":[true,false],"is_default_enabled":false}],"memory_encryption_options":[],"numa_nodes_per_socket_platform_options":[],"percentage_of_cores_enabled_options":[],"secure_boot_options":[{"allowed_values":[true,false],"is_default_enabled":false}],"symmetric_multi_threading_options":[{"allowed_values":[true,false],"is_default_enabled":true}],"trusted_platform_module_options":[{"allowed_values":[true,false],"is_default_enabled":false}],"type":"INTEL_VM","virtual_instructions_options":[]}],"processor_description":"2.0 GHz Intel® Xeon® Platinum 8167M (Skylake)","quota_names":["standard2-core-count"],"rdma_bandwidth_in_gbps":0,"rdma_ports":0,"recommended_alternatives":[],"resize_compatible_shapes":["VM.Standard1.1","VM.Standard1.2","VM.Standard1.4","VM.Standard1.8","VM.Standard1.16","VM.Standard.E2.1","VM.Standard.E2.2","VM.Standard.E2.4","VM.Standard.E2.8","VM.Standard2.1","VM.Standard2.2","VM.Standard2.4","VM.Standard2.8","VM.Standard2.16","VM.Standard2.24","VM.Standard.E3.Flex","VM.Standard.E4.Flex","VM.Standard.E5.Flex","VM.Optimized3.Flex","VM.Standard3.Flex"]},{"baseline_ocpu_utilizations":[],"billing_type":"PAID","gpu_description":"","gpus":0,"is_billed_for_stopped_instance":false,"is_flexible":false,"is_live_migration_supported":true,"is_subcore":false,"local_disk_description":"","local_disks":0,"local_disks_total_size_in_gbs":0,"max_vnic_attachment_options":[],"max_vnic_attachments":16,"memory_in_gbs":240,"memory_options":[],"min_total_baseline_ocpus_required":0,"name":"VM.Standard2.16","network_ports":1,"networking_bandwidth_in_gbps":16.399999618530273,"networking_bandwidth_options":[],"ocpu_options":[],"ocpus":16,"platform_config_options":[{"access_control_service_options":[],"input_output_memory_management_unit_options":[],"measured_boot_options":[{"allowed_values":[true,false],"is_default_enabled":false}],"memory_encryption_options":[],"numa_nodes_per_socket_platform_options":[],"percentage_of_cores_enabled_options":[],"secure_boot_options":[{"allowed_values":[true,false],"is_default_enabled":false}],"symmetric_multi_threading_options":[{"allowed_values":[true,false],"is_default_enabled":true}],"trusted_platform_module_options":[{"allowed_values":[true,false],"is_default_enabled":false}],"type":"INTEL_VM","virtual_instructions_options":[]}],"processor_description":"2.0 GHz Intel® Xeon® Platinum 8167M (Skylake)","quota_names":["standard2-core-count"],"rdma_bandwidth_in_gbps":0,"rdma_ports":0,"recommended_alternatives":[],"resize_compatible_shapes":["VM.Standard1.1","VM.Standard1.2","VM.Standard1.4","VM.Standard1.8","VM.Standard1.16","VM.Standard.E2.1","VM.Standard.E2.2","VM.Standard.E2.4","VM.Standard.E2.8","VM.Standard2.1","VM.Standard2.2","VM.Standard2.4","VM.Standard2.8","VM.Standard2.16","VM.Standard2.24","VM.Standard.E3.Flex","VM.Standard.E4.Flex","VM.Standard.E5.Flex","VM.Optimized3.Flex","VM.Standard3.Flex"]},{"baseline_ocpu_utilizations":[],"billing_type":"PAID","gpu_description":"","gpus":0,"is_billed_for_stopped_instance":false,"is_flexible":false,"is_live_migration_supported":true,"is_subcore":false,"local_disk_description":"","local_disks":0,"local_disks_total_size_in_gbs":0,"max_vnic_attachment_options":[],"max_vnic_attachments":24,"memory_in_gbs":320,"memory_options":[],"min_total_baseline_ocpus_required":0,"name":"VM.Standard2.24","network_ports":1,"networking_bandwidth_in_gbps":24.600000381469727,"networking_bandwidth_options":[],"ocpu_options":[],"ocpus":24,"platform_config_options":[{"access_control_service_options":[],"input_output_memory_management_unit_options":[],"measured_boot_options":[{"allowed_values":[true,false],"is_default_enabled":false}],"memory_encryption_options":[],"numa_nodes_per_socket_platform_options":[],"percentage_of_cores_enabled_options":[],"secure_boot_options":[{"allowed_values":[true,false],"is_default_enabled":false}],"symmetric_multi_threading_options":[{"allowed_values":[true,false],"is_default_enabled":true}],"trusted_platform_module_options":[{"allowed_values":[true,false],"is_default_enabled":false}],"type":"INTEL_VM","virtual_instructions_options":[]}],"processor_description":"2.0 GHz Intel® Xeon® Platinum 8167M (Skylake)","quota_names":["standard2-core-count"],"rdma_bandwidth_in_gbps":0,"rdma_ports":0,"recommended_alternatives":[],"resize_compatible_shapes":["VM.Standard1.1","VM.Standard1.2","VM.Standard1.4","VM.Standard1.8","VM.Standard1.16","VM.Standard.E2.1","VM.Standard.E2.2","VM.Standard.E2.4","VM.Standard.E2.8","VM.Standard2.1","VM.Standard2.2","VM.Standard2.4","VM.Standard2.8","VM.Standard2.16","VM.Standard2.24","VM.Standard.E3.Flex","VM.Standard.E4.Flex","VM.Standard.E5.Flex","VM.Optimized3.Flex","VM.Standard3.Flex"]},{"baseline_ocpu_utilizations":[],"billing_type":"ALWAYS_FREE","gpu_description":"","gpus":0,"is_billed_for_stopped_instance":false,"is_flexible":false,"is_live_migration_supported":true,"is_subcore":false,"local_disk_description":"","local_disks":0,"local_disks_total_size_in_gbs":0,"max_vnic_attachment_options":[],"max_vnic_attachments":1,"memory_in_gbs":1,"memory_options":[],"min_total_baseline_ocpus_required":0,"name":"VM.Standard.E2.1.Micro","network_ports":1,"networking_bandwidth_in_gbps":0.47999998927116394,"networking_bandwidth_options":[],"ocpu_options":[],"ocpus":1,"platform_config_options":[],"processor_description":"2.0 GHz AMD EPYC™ 7551 (Naples)","quota_names":["standard-e2-micro-core-count"],"rdma_bandwidth_in_gbps":0,"rdma_ports":0,"recommended_alternatives":[],"resize_compatible_shapes":[]},{"baseline_ocpu_utilizations":["BASELINE_1_8","BASELINE_1_2","BASELINE_1_1"],"billing_type":"PAID","gpu_description":"","gpus":0,"is_billed_for_stopped_instance":false,"is_flexible":true,"is_live_migration_supported":true,"is_subcore":true,"local_disk_description":"","local_disks":0,"local_disks_total_size_in_gbs":0,"max_vnic_attachment_options":[{"default_per_ocpu":1,"max":24,"min":2}],"max_vnic_attachments":2,"memory_in_gbs":16,"memory_options":[{"default_per_ocpu_in_gbs":16,"max_in_gbs":896,"max_per_numa_node_in_gbs":512,"max_per_ocpu_in_gbs":64,"min_in_gbs":1,"min_per_ocpu_in_gbs":1}],"min_total_baseline_ocpus_required":0,"name":"VM.Standard3.Flex","network_ports":1,"networking_bandwidth_in_gbps":1,"networking_bandwidth_options":[{"default_per_ocpu_in_gbps":1,"max_in_gbps":40,"min_in_gbps":1}],"ocpu_options":[{"max":56,"max_per_numa_node":32,"min":1}],"ocpus":1,"platform_config_options":[{"access_control_service_options":[],"input_output_memory_management_unit_options":[],"measured_boot_options":[{"allowed_values":[true,false],"is_default_enabled":false}],"memory_encryption_options":[],"numa_nodes_per_socket_platform_options":[],"percentage_of_cores_enabled_options":[],"secure_boot_options":[{"allowed_values":[true,false],"is_default_enabled":false}],"symmetric_multi_threading_options":[{"allowed_values":[true,false],"is_default_enabled":true}],"trusted_platform_module_options":[{"allowed_values":[true,false],"is_default_enabled":false}],"type":"INTEL_VM","virtual_instructions_options":[]}],"processor_description":"2.6 GHz Intel® Xeon® Platinum 8358 (Ice Lake)","quota_names":["standard3-memory-count","standard3-core-count"],"rdma_bandwidth_in_gbps":0,"rdma_ports":0,"recommended_alternatives":[],"resize_compatible_shapes":["VM.Standard1.1","VM.Standard1.2","VM.Standard1.4","VM.Standard1.8","VM.Standard1.16","VM.Standard.E2.1","VM.Standard.E2.2","VM.Standard.E2.4","VM.Standard.E2.8","VM.Standard2.1","VM.Standard2.2","VM.Standard2.4","VM.Standard2.8","VM.Standard2.16","VM.Standard2.24","VM.Standard.E3.Flex","VM.Standard.E4.Flex","VM.Standard.E5.Flex","VM.Optimized3.Flex","VM.Standard3.Flex"]},{"baseline_ocpu_utilizations":["BASELINE_1_8","BASELINE_1_2","BASELINE_1_1"],"billing_type":"PAID","gpu_description":"","gpus":0,"is_billed_for_stopped_instance":false,"is_flexible":true,"is_live_migration_supported":true,"is_subcore":true,"local_disk_description":"","local_disks":0,"local_disks_total_size_in_gbs":0,"max_vnic_attachment_options":[{"default_per_ocpu":1,"max":24,"min":2}],"max_vnic_attachments":2,"memory_in_gbs":12,"memory_options":[{"default_per_ocpu_in_gbs":12,"max_in_gbs":2098,"max_per_numa_node_in_gbs":1049,"max_per_ocpu_in_gbs":64,"min_in_gbs":1,"min_per_ocpu_in_gbs":1}],"min_total_baseline_ocpus_required":0,"name":"VM.Standard.E5.Flex","network_ports":1,"networking_bandwidth_in_gbps":1,"networking_bandwidth_options":[{"default_per_ocpu_in_gbps":1,"max_in_gbps":40,"min_in_gbps":1}],"ocpu_options":[{"max":126,"max_per_numa_node":94,"min":1}],"ocpus":1,"platform_config_options":[{"access_control_service_options":[],"input_output_memory_management_unit_options":[],"measured_boot_options":[{"allowed_values":[true,false],"is_default_enabled":false}],"memory_encryption_options":[],"numa_nodes_per_socket_platform_options":[],"percentage_of_cores_enabled_options":[],"secure_boot_options":[{"allowed_values":[true,false],"is_default_enabled":false}],"symmetric_multi_threading_options":[{"allowed_values":[true,false],"is_default_enabled":true}],"trusted_platform_module_options":[{"allowed_values":[true,false],"is_default_enabled":false}],"type":"AMD_VM","virtual_instructions_options":[]}],"processor_description":"2.3 GHz AMD EPYC™ 9J14 (Genoa)","quota_names":["standard-e5-core-count","standard-e5-memory-count"],"rdma_bandwidth_in_gbps":0,"rdma_ports":0,"recommended_alternatives":[],"resize_compatible_shapes":["VM.Standard1.1","VM.Standard1.2","VM.Standard1.4","VM.Standard1.8","VM.Standard1.16","VM.Standard.E2.1","VM.Standard.E2.2","VM.Standard.E2.4","VM.Standard.E2.8","VM.Standard2.1","VM.Standard2.2","VM.Standard2.4","VM.Standard2.8","VM.Standard2.16","VM.Standard2.24","VM.Standard.E3.Flex","VM.Standard.E4.Flex","VM.Standard.E5.Flex","VM.Optimized3.Flex","VM.Standard3.Flex"]}]},"sensitive_attributes":[]}]},{"module":"module.instance","mode":"data","type":"oci_core_subnet","name":"instance_subnet","provider":"provider[\"registry.opentofu.org/oracle/oci\"]","instances":[{"index_key":0,"schema_version":0,"attributes":{"availability_domain":null,"cidr_block":"10.0.0.0/24","compartment_id":"ocid1.tenancy.oc1..aaaaaaaa66wkuhn3lioj44arbaokoeukfjlnt2njqghj52faoaganmsfl35a","defined_tags":{"Oracle-Tags.CreatedBy":"default/urizaf@gmail.com","Oracle-Tags.CreatedOn":"2025-02-15T16:34:44.156Z"},"dhcp_options_id":"ocid1.dhcpoptions.oc1.il-jerusalem-1.aaaaaaaao2nzxlovqjmntkwrodceexkzcumc63zw4oey2vfor4h3bxwsitqa","display_name":"subnet1","dns_label":null,"freeform_tags":{"module":"oracle-terraform-modules/vcn/oci","terraformed":"Please do not edit manually"},"id":"ocid1.subnet.oc1.il-jerusalem-1.aaaaaaaaqxwv3isu4gekk2wcd4ejebnnh2aolxmctxtsjpamftcc7esskvva","ipv6cidr_block":null,"ipv6cidr_blocks":[],"ipv6virtual_router_ip":null,"prohibit_internet_ingress":false,"prohibit_public_ip_on_vnic":false,"route_table_id":"ocid1.routetable.oc1.il-jerusalem-1.aaaaaaaauhg6a4isx2kpucwqebwibesrowawftwc5nriotaciuszst7ghx5q","security_list_ids":["ocid1.securitylist.oc1.il-jerusalem-1.aaaaaaaamgh25zgyhyhlthwgk7is4hfrkyralyzmmpc7avhye572cis2epfq"],"state":"AVAILABLE","subnet_domain_name":null,"subnet_id":"ocid1.subnet.oc1.il-jerusalem-1.aaaaaaaaqxwv3isu4gekk2wcd4ejebnnh2aolxmctxtsjpamftcc7esskvva","time_created":"2025-02-15 16:34:44.444 +0000 UTC","vcn_id":"ocid1.vcn.oc1.il-jerusalem-1.amaaaaaaua6wiyiafqk7ghe5oxo44odnb5a4xjts2cok26eqagm4dtyg3a5a","virtual_router_ip":"10.0.0.1","virtual_router_mac":"00:00:17:B0:EC:AC"},"sensitive_attributes":[]}]},{"module":"module.instance","mode":"data","type":"oci_core_vnic_attachments","name":"vnic_attachment","provider":"provider[\"registry.opentofu.org/oracle/oci\"]","instances":[{"index_key":0,"schema_version":0,"attributes":{"availability_domain":null,"compartment_id":"ocid1.tenancy.oc1..aaaaaaaa66wkuhn3lioj44arbaokoeukfjlnt2njqghj52faoaganmsfl35a","filter":null,"id":"CoreVnicAttachmentsDataSource-280252549","instance_id":"ocid1.instance.oc1.il-jerusalem-1.anwxiljrua6wiyic3yk7hayasijil3lrfo6f3puxjmsn2nfoyq74wgtu3wjq","vnic_attachments":[{"availability_domain":"arBk:IL-JERUSALEM-1-AD-1","compartment_id":"ocid1.tenancy.oc1..aaaaaaaa66wkuhn3lioj44arbaokoeukfjlnt2njqghj52faoaganmsfl35a","create_vnic_details":[],"display_name":"","id":"ocid1.vnicattachment.oc1.il-jerusalem-1.anwxiljrua6wiyicdvln7r3wlp3lcbyhiuno2uadoscv5njo63pfqr23wjka","instance_id":"ocid1.instance.oc1.il-jerusalem-1.anwxiljrua6wiyic3yk7hayasijil3lrfo6f3puxjmsn2nfoyq74wgtu3wjq","nic_index":0,"state":"ATTACHED","subnet_id":"ocid1.subnet.oc1.il-jerusalem-1.aaaaaaaaqxwv3isu4gekk2wcd4ejebnnh2aolxmctxtsjpamftcc7esskvva","time_created":"2025-02-16 20:49:29.127 +0000 UTC","vlan_id":"","vlan_tag":1285,"vnic_id":"ocid1.vnic.oc1.il-jerusalem-1.abwxiljrk5au4xoyivhgs6pd3bw4evyfivemqowytwdkgfcgiphjugrgkucq"}],"vnic_id":null},"sensitive_attributes":[]}]},{"module":"module.instance","mode":"data","type":"oci_core_volume_backup_policies","name":"default_backup_policies","provider":"provider[\"registry.opentofu.org/oracle/oci\"]","instances":[{"schema_version":0,"attributes":{"compartment_id":null,"filter":null,"id":"CoreVolumeBackupPoliciesDataSource-0","volume_backup_policies":[{"compartment_id":"","defined_tags":{},"destination_region":"","display_name":"silver","freeform_tags":{},"id":"ocid1.volumebackuppolicy.oc1..aaaaaaaa7hwv7iscewqqcmyqe2zuzfce6setvckhbxduswtxf6ctew7e54ja","schedules":[{"backup_type":"INCREMENTAL","day_of_month":-1,"day_of_week":"","hour_of_day":-1,"month":"","offset_seconds":0,"offset_type":"","period":"ONE_WEEK","retention_seconds":2419200,"time_zone":"REGIONAL_DATA_CENTER_TIME"},{"backup_type":"INCREMENTAL","day_of_month":-1,"day_of_week":"","hour_of_day":-1,"month":"","offset_seconds":0,"offset_type":"","period":"ONE_MONTH","retention_seconds":31557600,"time_zone":"REGIONAL_DATA_CENTER_TIME"},{"backup_type":"INCREMENTAL","day_of_month":-1,"day_of_week":"","hour_of_day":-1,"month":"","offset_seconds":0,"offset_type":"","period":"ONE_YEAR","retention_seconds":157680000,"time_zone":"REGIONAL_DATA_CENTER_TIME"}],"time_created":"2017-10-01 00:00:00.001 +0000 UTC"},{"compartment_id":"","defined_tags":{},"destination_region":"","display_name":"bronze","freeform_tags":{},"id":"ocid1.volumebackuppolicy.oc1..aaaaaaaadrzfwjb5tflixtmy5axp2kx65uqakgnupfogabzjhtn5x5dfra6q","schedules":[{"backup_type":"INCREMENTAL","day_of_month":-1,"day_of_week":"","hour_of_day":-1,"month":"","offset_seconds":0,"offset_type":"","period":"ONE_MONTH","retention_seconds":31557600,"time_zone":"REGIONAL_DATA_CENTER_TIME"},{"backup_type":"INCREMENTAL","day_of_month":-1,"day_of_week":"","hour_of_day":-1,"month":"","offset_seconds":0,"offset_type":"","period":"ONE_YEAR","retention_seconds":157680000,"time_zone":"REGIONAL_DATA_CENTER_TIME"}],"time_created":"2017-10-01 00:00:00 +0000 UTC"},{"compartment_id":"","defined_tags":{},"destination_region":"","display_name":"gold","freeform_tags":{},"id":"ocid1.volumebackuppolicy.oc1..aaaaaaaagcremuefit7dpcnjpdrtphjk4bwm3emm55t6cghctt2m6iyyjdva","schedules":[{"backup_type":"INCREMENTAL","day_of_month":-1,"day_of_week":"","hour_of_day":-1,"month":"","offset_seconds":0,"offset_type":"","period":"ONE_DAY","retention_seconds":604800,"time_zone":"REGIONAL_DATA_CENTER_TIME"},{"backup_type":"INCREMENTAL","day_of_month":-1,"day_of_week":"","hour_of_day":-1,"month":"","offset_seconds":0,"offset_type":"","period":"ONE_WEEK","retention_seconds":2419200,"time_zone":"REGIONAL_DATA_CENTER_TIME"},{"backup_type":"INCREMENTAL","day_of_month":-1,"day_of_week":"","hour_of_day":-1,"month":"","offset_seconds":0,"offset_type":"","period":"ONE_MONTH","retention_seconds":31557600,"time_zone":"REGIONAL_DATA_CENTER_TIME"},{"backup_type":"INCREMENTAL","day_of_month":-1,"day_of_week":"","hour_of_day":-1,"month":"","offset_seconds":0,"offset_type":"","period":"ONE_YEAR","retention_seconds":157680000,"time_zone":"REGIONAL_DATA_CENTER_TIME"}],"time_created":"2017-10-01 00:00:00.002 +0000 UTC"}]},"sensitive_attributes":[]}]},{"module":"module.instance","mode":"data","type":"oci_identity_availability_domains","name":"ad","provider":"provider[\"registry.opentofu.org/oracle/oci\"]","instances":[{"schema_version":0,"attributes":{"availability_domains":[{"compartment_id":"ocid1.tenancy.oc1..aaaaaaaa66wkuhn3lioj44arbaokoeukfjlnt2njqghj52faoaganmsfl35a","id":"ocid1.availabilitydomain.oc1..aaaaaaaao3gn45uuqoy3k2gkjqoch6rujfn5sxauafh5vl3tqrpf4yy2jdxq","name":"arBk:IL-JERUSALEM-1-AD-1"}],"compartment_id":"ocid1.tenancy.oc1..aaaaaaaa66wkuhn3lioj44arbaokoeukfjlnt2njqghj52faoaganmsfl35a","filter":null,"id":"IdentityAvailabilityDomainsDataSource-2915192691"},"sensitive_attributes":[]}]},{"module":"module.instance","mode":"managed","type":"oci_core_instance","name":"instance","provider":"provider[\"registry.opentofu.org/oracle/oci\"]","instances":[{"index_key":0,"schema_version":0,"attributes":{"agent_config":[{"are_all_plugins_disabled":false,"is_management_disabled":false,"is_monitoring_disabled":false,"plugins_config":[{"desired_state":"ENABLED","name":"Oracle Autonomous Linux"},{"desired_state":"ENABLED","name":"Bastion"},{"desired_state":"DISABLED","name":"Block Volume Management"},{"desired_state":"ENABLED","name":"Custom Logs Monitoring"},{"desired_state":"DISABLED","name":"Management Agent"},{"desired_state":"ENABLED","name":"Compute Instance Monitoring"},{"desired_state":"ENABLED","name":"OS Management Service Agent"},{"desired_state":"ENABLED","name":"Compute Instance Run Command"},{"desired_state":"ENABLED","name":"Vulnerability Scanning"},{"desired_state":"DISABLED","name":"Oracle Java Management Service"}]}],"async":null,"availability_config":[{"is_live_migration_preferred":false,"recovery_action":"RESTORE_INSTANCE"}],"availability_domain":"arBk:IL-JERUSALEM-1-AD-1","boot_volume_id":"ocid1.bootvolume.oc1.il-jerusalem-1.abwxiljrh3i3jnzxfcame2425wog5v6fsv44rgtcut6wa2rtbo54d5hwgcxa","capacity_reservation_id":null,"cluster_placement_group_id":null,"compartment_id":"ocid1.tenancy.oc1..aaaaaaaa66wkuhn3lioj44arbaokoeukfjlnt2njqghj52faoaganmsfl35a","compute_cluster_id":null,"create_vnic_details":[{"assign_ipv6ip":false,"assign_private_dns_record":false,"assign_public_ip":"true","defined_tags":{"Oracle-Tags.CreatedBy":"default/urizaf@gmail.com","Oracle-Tags.CreatedOn":"2025-02-16T20:49:24.681Z"},"display_name":"vm-1","freeform_tags":{"module":"oracle-terraform-modules/compute-instance/oci","terraformed":"Please do not edit manually"},"hostname_label":"","ipv6address_ipv6subnet_cidr_pair_details":[],"nsg_ids":["ocid1.networksecuritygroup.oc1.il-jerusalem-1.aaaaaaaaf6osjah3vrtlnzppdnca6c7xfwqzi22u33q5o2uihmgjp5l6p4iq"],"private_ip":"10.0.0.254","security_attributes":{},"skip_source_dest_check":false,"subnet_id":"ocid1.subnet.oc1.il-jerusalem-1.aaaaaaaaqxwv3isu4gekk2wcd4ejebnnh2aolxmctxtsjpamftcc7esskvva","vlan_id":""}],"dedicated_vm_host_id":null,"defined_tags":{"Oracle-Tags.CreatedBy":"default/urizaf@gmail.com","Oracle-Tags.CreatedOn":"2025-02-16T20:49:24.545Z"},"display_name":"vm-1","extended_metadata":{},"fault_domain":"FAULT-DOMAIN-1","freeform_tags":{"module":"oracle-terraform-modules/compute-instance/oci","terraformed":"Please do not edit manually"},"hostname_label":"","id":"ocid1.instance.oc1.il-jerusalem-1.anwxiljrua6wiyic3yk7hayasijil3lrfo6f3puxjmsn2nfoyq74wgtu3wjq","image":"ocid1.image.oc1.il-jerusalem-1.aaaaaaaarfbyqpygklco7cm5nicpl2zdvgef3h6eqqovbvxtiwdwngovy4da","instance_configuration_id":null,"instance_options":[{"are_legacy_imds_endpoints_disabled":false}],"ipxe_script":null,"is_cross_numa_node":false,"is_pv_encryption_in_transit_enabled":null,"launch_mode":"PARAVIRTUALIZED","launch_options":[{"boot_volume_type":"PARAVIRTUALIZED","firmware":"UEFI_64","is_consistent_volume_naming_enabled":true,"is_pv_encryption_in_transit_enabled":false,"network_type":"PARAVIRTUALIZED","remote_data_volume_type":"PARAVIRTUALIZED"}],"launch_volume_attachments":[],"licensing_configs":[],"metadata":{"ssh_authorized_keys":"ssh-ed25519 AAAAC3NzaC1lZDI1NTE5AAAAICjfyR0TesyI0zSn92lLgsjTzTTkL8Ox9rBDKX/JThah urizaf@gmail.com"},"platform_config":[],"preemptible_instance_config":[],"preserve_boot_volume":null,"preserve_data_volumes_created_at_launch":null,"private_ip":"10.0.0.254","public_ip":"129.159.142.131","region":"il-jerusalem-1","security_attributes":{},"security_attributes_state":"STABLE","shape":"VM.Standard.A1.Flex","shape_config":[{"baseline_ocpu_utilization":"BASELINE_1_1","gpu_description":"","gpus":0,"local_disk_description":"","local_disks":0,"local_disks_total_size_in_gbs":0,"max_vnic_attachments":4,"memory_in_gbs":24,"networking_bandwidth_in_gbps":4,"nvmes":0,"ocpus":4,"processor_description":"3.0 GHz Ampere® Altra™","vcpus":4}],"source_details":[{"boot_volume_size_in_gbs":"47","boot_volume_vpus_per_gb":"10","instance_source_image_filter_details":[],"is_preserve_boot_volume_enabled":false,"kms_key_id":"","source_id":"ocid1.image.oc1.il-jerusalem-1.aaaaaaaarfbyqpygklco7cm5nicpl2zdvgef3h6eqqovbvxtiwdwngovy4da","source_type":"image"}],"state":"RUNNING","subnet_id":"ocid1.subnet.oc1.il-jerusalem-1.aaaaaaaaqxwv3isu4gekk2wcd4ejebnnh2aolxmctxtsjpamftcc7esskvva","system_tags":{},"time_created":"2025-02-16 20:49:25.191 +0000 UTC","time_maintenance_reboot_due":"","timeouts":null,"update_operation_constraint":null},"sensitive_attributes":[],"private":"eyJlMmJmYjczMC1lY2FhLTExZTYtOGY4OC0zNDM2M2JjN2M0YzAiOnsiY3JlYXRlIjoyNzAwMDAwMDAwMDAwLCJkZWxldGUiOjQ1MDAwMDAwMDAwMDAsInVwZGF0ZSI6MjcwMDAwMDAwMDAwMH0sInNjaGVtYV92ZXJzaW9uIjoiMCJ9","dependencies":["module.instance.data.oci_core_shapes.current_ad","module.instance.data.oci_core_subnet.instance_subnet","module.instance.data.oci_identity_availability_domains.ad","module.oci_vcn.data.oci_core_services.all_oci_services","module.oci_vcn.module.subnet.data.oci_core_dhcp_options.dhcp_options","module.oci_vcn.module.subnet.data.oci_identity_availability_domains.all","module.oci_vcn.module.subnet.oci_core_subnet.vcn_subnet","module.oci_vcn.oci_core_internet_gateway.ig","module.oci_vcn.oci_core_local_peering_gateway.lpg","module.oci_vcn.oci_core_nat_gateway.nat_gateway","module.oci_vcn.oci_core_public_ip.nat_gateway_public_ip","module.oci_vcn.oci_core_route_table.ig","module.oci_vcn.oci_core_route_table.nat","module.oci_vcn.oci_core_service_gateway.service_gateway","module.oci_vcn.oci_core_vcn.vcn","oci_core_network_security_group.nsg-1"]}]},{"module":"module.instance","mode":"managed","type":"oci_core_public_ip","name":"public_ip","provider":"provider[\"registry.opentofu.org/oracle/oci\"]","instances":[{"index_key":0,"schema_version":0,"attributes":{"assigned_entity_id":"ocid1.privateip.oc1.il-jerusalem-1.abwxiljrh6bykegjfdgg3twxsvz6pginjwz5q27qjfa7uksudpovft42qkva","assigned_entity_type":"PRIVATE_IP","availability_domain":"arBk:IL-JERUSALEM-1-AD-1","compartment_id":"ocid1.tenancy.oc1..aaaaaaaa66wkuhn3lioj44arbaokoeukfjlnt2njqghj52faoaganmsfl35a","defined_tags":{"Oracle-Tags.CreatedBy":"default/urizaf@gmail.com","Oracle-Tags.CreatedOn":"2025-02-16T20:49:58.990Z"},"display_name":"vm-1","freeform_tags":{"module":"oracle-terraform-modules/compute-instance/oci","terraformed":"Please do not edit manually"},"id":"ocid1.publicip.oc1.il-jerusalem-1.amaaaaaaua6wiyia3k4tligtns63gq5z4irrl2bxuwrlmeh66p27khkkqhca","ip_address":"129.159.142.131","lifetime":"EPHEMERAL","private_ip_id":"ocid1.privateip.oc1.il-jerusalem-1.abwxiljrh6bykegjfdgg3twxsvz6pginjwz5q27qjfa7uksudpovft42qkva","public_ip_pool_id":null,"scope":"AVAILABILITY_DOMAIN","state":"ASSIGNED","time_created":"2025-02-16 20:49:59.757 +0000 UTC","timeouts":null},"sensitive_attributes":[],"private":"eyJlMmJmYjczMC1lY2FhLTExZTYtOGY4OC0zNDM2M2JjN2M0YzAiOnsiY3JlYXRlIjoxMjAwMDAwMDAwMDAwLCJkZWxldGUiOjEyMDAwMDAwMDAwMDAsInVwZGF0ZSI6MTIwMDAwMDAwMDAwMH0sInNjaGVtYV92ZXJzaW9uIjoiMCJ9","dependencies":["module.instance.data.oci_core_private_ips.private_ips","module.instance.data.oci_core_shapes.current_ad","module.instance.data.oci_core_subnet.instance_subnet","module.instance.data.oci_core_vnic_attachments.vnic_attachment","module.instance.data.oci_identity_availability_domains.ad","module.instance.oci_core_instance.instance","module.oci_vcn.data.oci_core_services.all_oci_services","module.oci_vcn.module.subnet.data.oci_core_dhcp_options.dhcp_options","module.oci_vcn.module.subnet.data.oci_identity_availability_domains.all","module.oci_vcn.module.subnet.oci_core_subnet.vcn_subnet","module.oci_vcn.oci_core_internet_gateway.ig","module.oci_vcn.oci_core_local_peering_gateway.lpg","module.oci_vcn.oci_core_nat_gateway.nat_gateway","module.oci_vcn.oci_core_public_ip.nat_gateway_public_ip","module.oci_vcn.oci_core_route_table.ig","module.oci_vcn.oci_core_route_table.nat","module.oci_vcn.oci_core_service_gateway.service_gateway","module.oci_vcn.oci_core_vcn.vcn","oci_core_network_security_group.nsg-1"]}]},{"module":"module.instance","mode":"managed","type":"oci_core_volume","name":"volume","provider":"provider[\"registry.opentofu.org/oracle/oci\"]","instances":[{"index_key":0,"schema_version":0,"attributes":{"auto_tuned_vpus_per_gb":null,"autotune_policies":[],"availability_domain":"arBk:IL-JERUSALEM-1-AD-1","backup_policy_id":null,"block_volume_replicas":[],"block_volume_replicas_deletion":null,"cluster_placement_group_id":null,"compartment_id":"ocid1.tenancy.oc1..aaaaaaaa66wkuhn3lioj44arbaokoeukfjlnt2njqghj52faoaganmsfl35a","defined_tags":{"Oracle-Tags.CreatedBy":"default/urizaf@gmail.com","Oracle-Tags.CreatedOn":"2025-02-16T20:49:58.938Z"},"display_name":"vm-1_volume0","freeform_tags":{"module":"oracle-terraform-modules/compute-instance/oci","terraformed":"Please do not edit manually"},"id":"ocid1.volume.oc1.il-jerusalem-1.abwxiljrkb67znqkdsxqab2bszdddkzps5bhtfnvy4rvrnqouj77dmjmfwqq","is_auto_tune_enabled":false,"is_hydrated":true,"kms_key_id":null,"size_in_gbs":"153","size_in_mbs":"156672","source_details":[],"state":"AVAILABLE","system_tags":{"orcl-cloud.free-tier-retained":"true"},"time_created":"2025-02-16 20:49:58.947 +0000 UTC","timeouts":null,"volume_backup_id":null,"volume_group_id":null,"vpus_per_gb":"10","xrc_kms_key_id":null},"sensitive_attributes":[],"private":"eyJlMmJmYjczMC1lY2FhLTExZTYtOGY4OC0zNDM2M2JjN2M0YzAiOnsiY3JlYXRlIjoxMjAwMDAwMDAwMDAwLCJkZWxldGUiOjEyMDAwMDAwMDAwMDAsInVwZGF0ZSI6MTIwMDAwMDAwMDAwMH0sInNjaGVtYV92ZXJzaW9uIjoiMCJ9","dependencies":["module.instance.data.oci_core_shapes.current_ad","module.instance.data.oci_core_subnet.instance_subnet","module.instance.data.oci_identity_availability_domains.ad","module.instance.oci_core_instance.instance","module.oci_vcn.data.oci_core_services.all_oci_services","module.oci_vcn.module.subnet.data.oci_core_dhcp_options.dhcp_options","module.oci_vcn.module.subnet.data.oci_identity_availability_domains.all","module.oci_vcn.module.subnet.oci_core_subnet.vcn_subnet","module.oci_vcn.oci_core_internet_gateway.ig","module.oci_vcn.oci_core_local_peering_gateway.lpg","module.oci_vcn.oci_core_nat_gateway.nat_gateway","module.oci_vcn.oci_core_public_ip.nat_gateway_public_ip","module.oci_vcn.oci_core_route_table.ig","module.oci_vcn.oci_core_route_table.nat","module.oci_vcn.oci_core_service_gateway.service_gateway","module.oci_vcn.oci_core_vcn.vcn","oci_core_network_security_group.nsg-1"]}]},{"module":"module.instance","mode":"managed","type":"oci_core_volume_attachment","name":"volume_attachment","provider":"provider[\"registry.opentofu.org/oracle/oci\"]","instances":[{"index_key":0,"schema_version":0,"attributes":{"attachment_type":"paravirtualized","availability_domain":"arBk:IL-JERUSALEM-1-AD-1","chap_secret":null,"chap_username":null,"compartment_id":"ocid1.tenancy.oc1..aaaaaaaa66wkuhn3lioj44arbaokoeukfjlnt2njqghj52faoaganmsfl35a","device":null,"display_name":"volumeattachment20250216205012","encryption_in_transit_type":null,"id":"ocid1.volumeattachment.oc1.il-jerusalem-1.anwxiljrua6wiyich2suf3j4deirhqfsbeygiu6zxhavsu7nujfcorjqrpxq","instance_id":"ocid1.instance.oc1.il-jerusalem-1.anwxiljrua6wiyic3yk7hayasijil3lrfo6f3puxjmsn2nfoyq74wgtu3wjq","ipv4":null,"iqn":null,"is_agent_auto_iscsi_login_enabled":null,"is_multipath":null,"is_pv_encryption_in_transit_enabled":false,"is_read_only":false,"is_shareable":false,"is_volume_created_during_launch":false,"iscsi_login_state":"","multipath_devices":[],"port":null,"state":"ATTACHED","time_created":"2025-02-16 20:50:12.294 +0000 UTC","timeouts":null,"use_chap":null,"volume_id":"ocid1.volume.oc1.il-jerusalem-1.abwxiljrkb67znqkdsxqab2bszdddkzps5bhtfnvy4rvrnqouj77dmjmfwqq"},"sensitive_attributes":[],"private":"eyJlMmJmYjczMC1lY2FhLTExZTYtOGY4OC0zNDM2M2JjN2M0YzAiOnsiY3JlYXRlIjoxMjAwMDAwMDAwMDAwLCJkZWxldGUiOjEyMDAwMDAwMDAwMDAsInVwZGF0ZSI6MTIwMDAwMDAwMDAwMH0sInNjaGVtYV92ZXJzaW9uIjoiMCJ9","dependencies":["module.instance.data.oci_core_shapes.current_ad","module.instance.data.oci_core_subnet.instance_subnet","module.instance.data.oci_identity_availability_domains.ad","module.instance.oci_core_instance.instance","module.instance.oci_core_volume.volume","module.oci_vcn.data.oci_core_services.all_oci_services","module.oci_vcn.module.subnet.data.oci_core_dhcp_options.dhcp_options","module.oci_vcn.module.subnet.data.oci_identity_availability_domains.all","module.oci_vcn.module.subnet.oci_core_subnet.vcn_subnet","module.oci_vcn.oci_core_internet_gateway.ig","module.oci_vcn.oci_core_local_peering_gateway.lpg","module.oci_vcn.oci_core_nat_gateway.nat_gateway","module.oci_vcn.oci_core_public_ip.nat_gateway_public_ip","module.oci_vcn.oci_core_route_table.ig","module.oci_vcn.oci_core_route_table.nat","module.oci_vcn.oci_core_service_gateway.service_gateway","module.oci_vcn.oci_core_vcn.vcn","oci_core_network_security_group.nsg-1"]}]},{"module":"module.oci_vcn","mode":"managed","type":"oci_core_default_security_list","name":"lockdown","provider":"provider[\"registry.opentofu.org/oracle/oci\"]","instances":[{"index_key":0,"schema_version":0,"attributes":{"compartment_id":"ocid1.tenancy.oc1..aaaaaaaa66wkuhn3lioj44arbaokoeukfjlnt2njqghj52faoaganmsfl35a","defined_tags":{"Oracle-Tags.CreatedBy":"default/urizaf@gmail.com","Oracle-Tags.CreatedOn":"2025-02-15T16:34:42.816Z"},"display_name":"Default Security List for vcn-1-vcn","egress_security_rules":[],"freeform_tags":{"module":"oracle-terraform-modules/vcn/oci","terraformed":"Please do not edit manually"},"id":"ocid1.securitylist.oc1.il-jerusalem-1.aaaaaaaamgh25zgyhyhlthwgk7is4hfrkyralyzmmpc7avhye572cis2epfq","ingress_security_rules":[],"manage_default_resource_id":"ocid1.securitylist.oc1.il-jerusalem-1.aaaaaaaamgh25zgyhyhlthwgk7is4hfrkyralyzmmpc7avhye572cis2epfq","state":"AVAILABLE","time_created":"2025-02-15 16:34:42.92 +0000 UTC","timeouts":null},"sensitive_attributes":[],"private":"eyJlMmJmYjczMC1lY2FhLTExZTYtOGY4OC0zNDM2M2JjN2M0YzAiOnsiY3JlYXRlIjoxMjAwMDAwMDAwMDAwLCJkZWxldGUiOjEyMDAwMDAwMDAwMDAsInVwZGF0ZSI6MTIwMDAwMDAwMDAwMH0sInNjaGVtYV92ZXJzaW9uIjoiMCJ9","dependencies":["module.oci_vcn.oci_core_vcn.vcn"]}]},{"module":"module.oci_vcn","mode":"managed","type":"oci_core_internet_gateway","name":"ig","provider":"provider[\"registry.opentofu.org/oracle/oci\"]","instances":[{"index_key":0,"schema_version":0,"attributes":{"compartment_id":"ocid1.tenancy.oc1..aaaaaaaa66wkuhn3lioj44arbaokoeukfjlnt2njqghj52faoaganmsfl35a","defined_tags":{"Oracle-Tags.CreatedBy":"default/urizaf@gmail.com","Oracle-Tags.CreatedOn":"2025-02-15T16:34:43.432Z"},"display_name":"vcn-1-internet-gateway","enabled":true,"freeform_tags":{"module":"oracle-terraform-modules/vcn/oci","terraformed":"Please do not edit manually"},"id":"ocid1.internetgateway.oc1.il-jerusalem-1.aaaaaaaag3uwhyuxb4jmljd4ldyh2sqypuklgndep23zueat7fnxzryqjbgq","route_table_id":null,"state":"AVAILABLE","time_created":"2025-02-15 16:34:43.469 +0000 UTC","timeouts":null,"vcn_id":"ocid1.vcn.oc1.il-jerusalem-1.amaaaaaaua6wiyiafqk7ghe5oxo44odnb5a4xjts2cok26eqagm4dtyg3a5a"},"sensitive_attributes":[],"private":"eyJlMmJmYjczMC1lY2FhLTExZTYtOGY4OC0zNDM2M2JjN2M0YzAiOnsiY3JlYXRlIjoxMjAwMDAwMDAwMDAwLCJkZWxldGUiOjEyMDAwMDAwMDAwMDAsInVwZGF0ZSI6MTIwMDAwMDAwMDAwMH0sInNjaGVtYV92ZXJzaW9uIjoiMCJ9","dependencies":["module.oci_vcn.oci_core_vcn.vcn"]}]},{"module":"module.oci_vcn","mode":"managed","type":"oci_core_route_table","name":"ig","provider":"provider[\"registry.opentofu.org/oracle/oci\"]","instances":[{"index_key":0,"schema_version":0,"attributes":{"compartment_id":"ocid1.tenancy.oc1..aaaaaaaa66wkuhn3lioj44arbaokoeukfjlnt2njqghj52faoaganmsfl35a","defined_tags":{"Oracle-Tags.CreatedBy":"default/urizaf@gmail.com","Oracle-Tags.CreatedOn":"2025-02-15T16:34:43.839Z"},"display_name":"vcn-1-internet-gateway","freeform_tags":{"module":"oracle-terraform-modules/vcn/oci","terraformed":"Please do not edit manually"},"id":"ocid1.routetable.oc1.il-jerusalem-1.aaaaaaaauhg6a4isx2kpucwqebwibesrowawftwc5nriotaciuszst7ghx5q","route_rules":[{"cidr_block":"","description":"Terraformed - Auto-generated at Internet Gateway creation: Internet Gateway as default gateway","destination":"0.0.0.0/0","destination_type":"CIDR_BLOCK","network_entity_id":"ocid1.internetgateway.oc1.il-jerusalem-1.aaaaaaaag3uwhyuxb4jmljd4ldyh2sqypuklgndep23zueat7fnxzryqjbgq","route_type":""}],"state":"AVAILABLE","time_created":"2025-02-15 16:34:43.859 +0000 UTC","timeouts":null,"vcn_id":"ocid1.vcn.oc1.il-jerusalem-1.amaaaaaaua6wiyiafqk7ghe5oxo44odnb5a4xjts2cok26eqagm4dtyg3a5a"},"sensitive_attributes":[],"private":"eyJlMmJmYjczMC1lY2FhLTExZTYtOGY4OC0zNDM2M2JjN2M0YzAiOnsiY3JlYXRlIjoxMjAwMDAwMDAwMDAwLCJkZWxldGUiOjEyMDAwMDAwMDAwMDAsInVwZGF0ZSI6MTIwMDAwMDAwMDAwMH0sInNjaGVtYV92ZXJzaW9uIjoiMCJ9","dependencies":["module.oci_vcn.oci_core_internet_gateway.ig","module.oci_vcn.oci_core_local_peering_gateway.lpg","module.oci_vcn.oci_core_vcn.vcn"]}]},{"module":"module.oci_vcn","mode":"managed","type":"oci_core_vcn","name":"vcn","provider":"provider[\"registry.opentofu.org/oracle/oci\"]","instances":[{"schema_version":0,"attributes":{"byoipv6cidr_blocks":[],"byoipv6cidr_details":[],"cidr_block":"10.0.0.0/23","cidr_blocks":["10.0.0.0/23"],"compartment_id":"ocid1.tenancy.oc1..aaaaaaaa66wkuhn3lioj44arbaokoeukfjlnt2njqghj52faoaganmsfl35a","default_dhcp_options_id":"ocid1.dhcpoptions.oc1.il-jerusalem-1.aaaaaaaao2nzxlovqjmntkwrodceexkzcumc63zw4oey2vfor4h3bxwsitqa","default_route_table_id":"ocid1.routetable.oc1.il-jerusalem-1.aaaaaaaacn4nbq4t5zajgk5p2kdjlq5z23tvwizh57j53vjsq5fe2vhea5tq","default_security_list_id":"ocid1.securitylist.oc1.il-jerusalem-1.aaaaaaaamgh25zgyhyhlthwgk7is4hfrkyralyzmmpc7avhye572cis2epfq","defined_tags":{"Oracle-Tags.CreatedBy":"default/urizaf@gmail.com","Oracle-Tags.CreatedOn":"2025-02-15T16:34:42.816Z"},"display_name":"vcn-1-vcn","dns_label":"vcnmodule","freeform_tags":{"module":"oracle-terraform-modules/vcn/oci","terraformed":"Please do not edit manually"},"id":"ocid1.vcn.oc1.il-jerusalem-1.amaaaaaaua6wiyiafqk7ghe5oxo44odnb5a4xjts2cok26eqagm4dtyg3a5a","ipv6cidr_blocks":[],"ipv6private_cidr_blocks":[],"is_ipv6enabled":false,"is_oracle_gua_allocation_enabled":null,"security_attributes":{},"state":"AVAILABLE","time_created":"2025-02-15 16:34:42.92 +0000 UTC","timeouts":null,"vcn_domain_name":"vcnmodule.oraclevcn.com"},"sensitive_attributes":[],"private":"eyJlMmJmYjczMC1lY2FhLTExZTYtOGY4OC0zNDM2M2JjN2M0YzAiOnsiY3JlYXRlIjoxMjAwMDAwMDAwMDAwLCJkZWxldGUiOjEyMDAwMDAwMDAwMDAsInVwZGF0ZSI6MTIwMDAwMDAwMDAwMH0sInNjaGVtYV92ZXJzaW9uIjoiMCJ9"}]},{"module":"module.oci_vcn.module.subnet[0]","mode":"data","type":"oci_core_dhcp_options","name":"dhcp_options","provider":"provider[\"registry.opentofu.org/oracle/oci\"]","instances":[{"schema_version":0,"attributes":{"compartment_id":"ocid1.tenancy.oc1..aaaaaaaa66wkuhn3lioj44arbaokoeukfjlnt2njqghj52faoaganmsfl35a","display_name":null,"filter":null,"id":"CoreDhcpOptionsDataSource-2354830265","options":[{"compartment_id":"ocid1.tenancy.oc1..aaaaaaaa66wkuhn3lioj44arbaokoeukfjlnt2njqghj52faoaganmsfl35a","defined_tags":{"Oracle-Tags.CreatedBy":"default/urizaf@gmail.com","Oracle-Tags.CreatedOn":"2025-02-15T16:34:42.816Z"},"display_name":"Default DHCP Options for vcn-1-vcn","domain_name_type":"CUSTOM_DOMAIN","freeform_tags":{"module":"oracle-terraform-modules/vcn/oci","terraformed":"Please do not edit manually"},"id":"ocid1.dhcpoptions.oc1.il-jerusalem-1.aaaaaaaao2nzxlovqjmntkwrodceexkzcumc63zw4oey2vfor4h3bxwsitqa","options":[{"custom_dns_servers":[],"search_domain_names":[],"server_type":"VcnLocalPlusInternet","type":"DomainNameServer"},{"custom_dns_servers":[],"search_domain_names":["vcnmodule.oraclevcn.com"],"server_type":"","type":"SearchDomain"}],"state":"AVAILABLE","time_created":"2025-02-15 16:34:43.054 +0000 UTC","vcn_id":"ocid1.vcn.oc1.il-jerusalem-1.amaaaaaaua6wiyiafqk7ghe5oxo44odnb5a4xjts2cok26eqagm4dtyg3a5a"}],"state":null,"vcn_id":"ocid1.vcn.oc1.il-jerusalem-1.amaaaaaaua6wiyiafqk7ghe5oxo44odnb5a4xjts2cok26eqagm4dtyg3a5a"},"sensitive_attributes":[]}]},{"module":"module.oci_vcn.module.subnet[0]","mode":"data","type":"oci_identity_availability_domains","name":"all","provider":"provider[\"registry.opentofu.org/oracle/oci\"]","instances":[{"schema_version":0,"attributes":{"availability_domains":[{"compartment_id":"ocid1.tenancy.oc1..aaaaaaaa66wkuhn3lioj44arbaokoeukfjlnt2njqghj52faoaganmsfl35a","id":"ocid1.availabilitydomain.oc1..aaaaaaaao3gn45uuqoy3k2gkjqoch6rujfn5sxauafh5vl3tqrpf4yy2jdxq","name":"arBk:IL-JERUSALEM-1-AD-1"}],"compartment_id":"ocid1.tenancy.oc1..aaaaaaaa66wkuhn3lioj44arbaokoeukfjlnt2njqghj52faoaganmsfl35a","filter":null,"id":"IdentityAvailabilityDomainsDataSource-2915192691"},"sensitive_attributes":[]}]},{"module":"module.oci_vcn.module.subnet[0]","mode":"managed","type":"oci_core_subnet","name":"vcn_subnet","provider":"provider[\"registry.opentofu.org/oracle/oci\"]","instances":[{"index_key":"sub1","schema_version":0,"attributes":{"availability_domain":null,"cidr_block":"10.0.0.0/24","compartment_id":"ocid1.tenancy.oc1..aaaaaaaa66wkuhn3lioj44arbaokoeukfjlnt2njqghj52faoaganmsfl35a","defined_tags":{"Oracle-Tags.CreatedBy":"default/urizaf@gmail.com","Oracle-Tags.CreatedOn":"2025-02-15T16:34:44.156Z"},"dhcp_options_id":"ocid1.dhcpoptions.oc1.il-jerusalem-1.aaaaaaaao2nzxlovqjmntkwrodceexkzcumc63zw4oey2vfor4h3bxwsitqa","display_name":"subnet1","dns_label":null,"freeform_tags":{"module":"oracle-terraform-modules/vcn/oci","terraformed":"Please do not edit manually"},"id":"ocid1.subnet.oc1.il-jerusalem-1.aaaaaaaaqxwv3isu4gekk2wcd4ejebnnh2aolxmctxtsjpamftcc7esskvva","ipv6cidr_block":null,"ipv6cidr_blocks":[],"ipv6virtual_router_ip":null,"prohibit_internet_ingress":false,"prohibit_public_ip_on_vnic":false,"route_table_id":"ocid1.routetable.oc1.il-jerusalem-1.aaaaaaaauhg6a4isx2kpucwqebwibesrowawftwc5nriotaciuszst7ghx5q","security_list_ids":["ocid1.securitylist.oc1.il-jerusalem-1.aaaaaaaamgh25zgyhyhlthwgk7is4hfrkyralyzmmpc7avhye572cis2epfq"],"state":"AVAILABLE","subnet_domain_name":null,"time_created":"2025-02-15 16:34:44.444 +0000 UTC","timeouts":null,"vcn_id":"ocid1.vcn.oc1.il-jerusalem-1.amaaaaaaua6wiyiafqk7ghe5oxo44odnb5a4xjts2cok26eqagm4dtyg3a5a","virtual_router_ip":"10.0.0.1","virtual_router_mac":"00:00:17:B0:EC:AC"},"sensitive_attributes":[],"private":"eyJlMmJmYjczMC1lY2FhLTExZTYtOGY4OC0zNDM2M2JjN2M0YzAiOnsiY3JlYXRlIjoxMjAwMDAwMDAwMDAwLCJkZWxldGUiOjEyMDAwMDAwMDAwMDAsInVwZGF0ZSI6MTIwMDAwMDAwMDAwMH0sInNjaGVtYV92ZXJzaW9uIjoiMCJ9","dependencies":["module.oci_vcn.data.oci_core_services.all_oci_services","module.oci_vcn.module.subnet.data.oci_core_dhcp_options.dhcp_options","module.oci_vcn.module.subnet.data.oci_identity_availability_domains.all","module.oci_vcn.oci_core_internet_gateway.ig","module.oci_vcn.oci_core_local_peering_gateway.lpg","module.oci_vcn.oci_core_nat_gateway.nat_gateway","module.oci_vcn.oci_core_public_ip.nat_gateway_public_ip","module.oci_vcn.oci_core_route_table.ig","module.oci_vcn.oci_core_route_table.nat","module.oci_vcn.oci_core_service_gateway.service_gateway","module.oci_vcn.oci_core_vcn.vcn"]},{"index_key":"sub2","schema_version":0,"attributes":{"availability_domain":null,"cidr_block":"10.0.1.0/24","compartment_id":"ocid1.tenancy.oc1..aaaaaaaa66wkuhn3lioj44arbaokoeukfjlnt2njqghj52faoaganmsfl35a","defined_tags":{"Oracle-Tags.CreatedBy":"default/urizaf@gmail.com","Oracle-Tags.CreatedOn":"2025-02-15T16:34:44.156Z"},"dhcp_options_id":"ocid1.dhcpoptions.oc1.il-jerusalem-1.aaaaaaaao2nzxlovqjmntkwrodceexkzcumc63zw4oey2vfor4h3bxwsitqa","display_name":"subnet2","dns_label":null,"freeform_tags":{"module":"oracle-terraform-modules/vcn/oci","terraformed":"Please do not edit manually"},"id":"ocid1.subnet.oc1.il-jerusalem-1.aaaaaaaazjcskctqu4ceo72fzjmkxvuxfyysh3psp5waewjtazs5oohkrmgq","ipv6cidr_block":null,"ipv6cidr_blocks":[],"ipv6virtual_router_ip":null,"prohibit_internet_ingress":false,"prohibit_public_ip_on_vnic":false,"route_table_id":"ocid1.routetable.oc1.il-jerusalem-1.aaaaaaaauhg6a4isx2kpucwqebwibesrowawftwc5nriotaciuszst7ghx5q","security_list_ids":["ocid1.securitylist.oc1.il-jerusalem-1.aaaaaaaamgh25zgyhyhlthwgk7is4hfrkyralyzmmpc7avhye572cis2epfq"],"state":"AVAILABLE","subnet_domain_name":null,"time_created":"2025-02-15 16:34:44.194 +0000 UTC","timeouts":null,"vcn_id":"ocid1.vcn.oc1.il-jerusalem-1.amaaaaaaua6wiyiafqk7ghe5oxo44odnb5a4xjts2cok26eqagm4dtyg3a5a","virtual_router_ip":"10.0.1.1","virtual_router_mac":"00:00:17:B0:EC:AC"},"sensitive_attributes":[],"private":"eyJlMmJmYjczMC1lY2FhLTExZTYtOGY4OC0zNDM2M2JjN2M0YzAiOnsiY3JlYXRlIjoxMjAwMDAwMDAwMDAwLCJkZWxldGUiOjEyMDAwMDAwMDAwMDAsInVwZGF0ZSI6MTIwMDAwMDAwMDAwMH0sInNjaGVtYV92ZXJzaW9uIjoiMCJ9","dependencies":["module.oci_vcn.data.oci_core_services.all_oci_services","module.oci_vcn.module.subnet.data.oci_core_dhcp_options.dhcp_options","module.oci_vcn.module.subnet.data.oci_identity_availability_domains.all","module.oci_vcn.oci_core_internet_gateway.ig","module.oci_vcn.oci_core_local_peering_gateway.lpg","module.oci_vcn.oci_core_nat_gateway.nat_gateway","module.oci_vcn.oci_core_public_ip.nat_gateway_public_ip","module.oci_vcn.oci_core_route_table.ig","module.oci_vcn.oci_core_route_table.nat","module.oci_vcn.oci_core_service_gateway.service_gateway","module.oci_vcn.oci_core_vcn.vcn"]}]}],"check_results":[{"object_kind":"var","config_addr":"module.oci_vcn.module.logging.var.windows_logdef","status":"pass","objects":null},{"object_kind":"var","config_addr":"module.instance.var.baseline_ocpu_utilization","status":"pass","objects":[{"object_addr":"module.instance.var.baseline_ocpu_utilization","status":"pass"}]},{"object_kind":"var","config_addr":"module.oci_vcn.var.vcn_dns_label","status":"pass","objects":[{"object_addr":"module.oci_vcn.var.vcn_dns_label","status":"pass"}]},{"object_kind":"var","config_addr":"module.oci_vcn.module.logging.var.service_logdef","status":"pass","objects":null},{"object_kind":"var","config_addr":"module.instance.var.public_ip","status":"pass","objects":[{"object_addr":"module.instance.var.public_ip","status":"pass"}]},{"object_kind":"var","config_addr":"module.instance.var.boot_volume_backup_policy","status":"pass","objects":[{"object_addr":"module.instance.var.boot_volume_backup_policy","status":"pass"}]},{"object_kind":"var","config_addr":"module.oci_vcn.module.logging.var.linux_logdef","status":"pass","objects":null},{"object_kind":"var","config_addr":"module.oci_vcn.var.internet_gateway_display_name","status":"pass","objects":[{"object_addr":"module.oci_vcn.var.internet_gateway_display_name","status":"pass"}]},{"object_kind":"var","config_addr":"module.oci_vcn.var.vcn_name","status":"pass","objects":[{"object_addr":"module.oci_vcn.var.vcn_name","status":"pass"}]},{"object_kind":"var","config_addr":"module.instance.var.instance_state","status":"pass","objects":[{"object_addr":"module.instance.var.instance_state","status":"pass"}]},{"object_kind":"var","config_addr":"module.oci_vcn.var.nat_gateway_display_name","status":"pass","objects":[{"object_addr":"module.oci_vcn.var.nat_gateway_display_name","status":"pass"}]},{"object_kind":"var","config_addr":"module.oci_vcn.var.service_gateway_display_name","status":"pass","objects":[{"object_addr":"module.oci_vcn.var.service_gateway_display_name","status":"pass"}]}]}
